
Microsoft Visual Studio Solution File, Format Version 12.00
# Visual Studio Version 17
VisualStudioVersion = 17.7.34024.191
MinimumVisualStudioVersion = 10.0.40219.1
Project("{FAE04EC0-301F-11D3-BF4B-00C04F79EFBC}") = "TestProject1", "TestProject1.csproj", "{72C048BC-1BDE-40D4-A757-F22B190F4F63}"
EndProject
Global
	GlobalSection(SolutionConfigurationPlatforms) = preSolution
		Debug|Any CPU = Debug|Any CPU
		Release|Any CPU = Release|Any CPU
	EndGlobalSection
	GlobalSection(ProjectConfigurationPlatforms) = postSolution
		{72C048BC-1BDE-40D4-A757-F22B190F4F63}.Debug|Any CPU.ActiveCfg = Debug|Any CPU
		{72C048BC-1BDE-40D4-A757-F22B190F4F63}.Debug|Any CPU.Build.0 = Debug|Any CPU
		{72C048BC-1BDE-40D4-A757-F22B190F4F63}.Release|Any CPU.ActiveCfg = Release|Any CPU
		{72C048BC-1BDE-40D4-A757-F22B190F4F63}.Release|Any CPU.Build.0 = Release|Any CPU
	EndGlobalSection
	GlobalSection(SolutionProperties) = preSolution
		HideSolutionNode = FALSE
	EndGlobalSection
	GlobalSection(ExtensibilityGlobals) = postSolution
		SolutionGuid = {ED634137-A08C-4066-8624-E9436F4BF77B}
	EndGlobalSection
EndGlobal
